<?xml version="1.0"?>
<Project ToolsVersion="4.0" xmlns="http://schemas.microsoft.com/developer/msbuild/2003">
	<ItemGroup>
		<ClCompile Include="src\ofApp.cpp">
			<Filter>src</Filter>
		</ClCompile>
		<ClCompile Include="src\main.cpp">
			<Filter>src</Filter>
		</ClCompile>
		<ClCompile Include="..\src\ofxViveTracker.cpp">
			<Filter>addons\ofxViveTracker\src</Filter>
		</ClCompile>
	</ItemGroup>
	<ItemGroup>
		<Filter Include="src">
			<UniqueIdentifier>{d8376475-7454-4a24-b08a-aac121d3ad6f}</UniqueIdentifier>
		</Filter>
		<Filter Include="addons">
			<UniqueIdentifier>{88AC1831--CB9-7-48-F5-9-E95-DA8A541D1C6C}</UniqueIdentifier>
		</Filter>
		<Filter Include="addons\ofxViveTracker">
			<UniqueIdentifier>{1C990825--A7E-D-4B-A0-9-2CB-6228206D8FFC}</UniqueIdentifier>
		</Filter>
		<Filter Include="addons\ofxViveTracker\src">
			<UniqueIdentifier>{B920E63E--EC1-9-4C-F1-A-A90-7A912DD4148A}</UniqueIdentifier>
		</Filter>
		<Filter Include="addons\ofxViveTracker\libs">
			<UniqueIdentifier>{9414E6E1--F6F-C-4A-43-8-CA3-1B3F53FB8F8F}</UniqueIdentifier>
		</Filter>
		<Filter Include="addons\ofxViveTracker\libs\openvr">
			<UniqueIdentifier>{4629B4B4--30B-D-4B-74-B-AE6-5431722B1544}</UniqueIdentifier>
		</Filter>
		<Filter Include="addons\ofxViveTracker\libs\openvr\include">
			<UniqueIdentifier>{08E9061F--E54-6-4D-2F-9-EA5-71D062E868DA}</UniqueIdentifier>
		</Filter>
	</ItemGroup>
	<ItemGroup>
		<ClInclude Include="src\ofApp.h">
			<Filter>src</Filter>
		</ClInclude>
		<ClInclude Include="..\src\ofxViveTracker.h">
			<Filter>addons\ofxViveTracker\src</Filter>
		</ClInclude>
		<ClInclude Include="..\libs\openvr\include\openvr.h">
			<Filter>addons\ofxViveTracker\libs\openvr\include</Filter>
		</ClInclude>
		<ClInclude Include="..\libs\openvr\include\openvr_capi.h">
			<Filter>addons\ofxViveTracker\libs\openvr\include</Filter>
		</ClInclude>
		<ClInclude Include="..\libs\openvr\include\openvr_driver.h">
			<Filter>addons\ofxViveTracker\libs\openvr\include</Filter>
		</ClInclude>
	</ItemGroup>
	<ItemGroup>
		<ResourceCompile Include="icon.rc" />
	</ItemGroup>
</Project>
